{
  "name": "tangle-sandbox-native-capture",
  "lockfileVersion": 3,
  "requires": true,
  "packages": {
    "": {
      "name": "tangle-sandbox-native-capture",
      "dependencies": {
        "@tangle-network/agent-interface": "2.16.0",
        "@tangle-network/sandbox": "0.60.9",
        "@xterm/headless": "6.0.0"
      },
      "engines": {
        "node": ">=22.6.0"
      }
    },
    "node_modules/@noble/hashes": {
      "version": "2.4.0",
      "resolved": "https://registry.npmjs.org/@noble/hashes/-/hashes-2.4.0.tgz",
      "integrity": "sha512-X5XaVWZIBCT7HHZGm5I7ZQXDwLG+bGXuSrMQAW+7Zvl87h1kmc1ZB1VSRJcpUfoUrGQp4Fkoxm5kZ+Ms+aW+eA==",
      "license": "MIT",
      "engines": {
        "node": ">= 20.19.0"
      },
      "funding": {
        "url": "https://paulmillr.com/funding/"
      }
    },
    "node_modules/@tangle-network/agent-core": {
      "version": "0.10.2",
      "resolved": "https://registry.npmjs.org/@tangle-network/agent-core/-/agent-core-0.10.2.tgz",
      "integrity": "sha512-7MtbwOYgLnbnzKITFNDHMMjnHhA5N6A3cp0wlraCIudCWJunzETIaA4hD+DY3ZmFEcKblxQxBtL6GN7jZIxFag==",
      "license": "MIT",
      "dependencies": {
        "@tangle-network/agent-interface": "^2.13.1",
        "@tangle-network/agent-trace-contract": "^2.0.0",
        "zod": "4.6.5"
      },
      "peerDependencies": {
        "@modelcontextprotocol/sdk": "^1.30.0"
      },
      "peerDependenciesMeta": {
        "@modelcontextprotocol/sdk": {
          "optional": true
        }
      }
    },
    "node_modules/@tangle-network/agent-interface": {
      "version": "2.16.0",
      "resolved": "https://registry.npmjs.org/@tangle-network/agent-interface/-/agent-interface-2.16.0.tgz",
      "integrity": "sha512-pH2umdmkSmcFipGAtaVEQCp0LVABWEG+K0NmHtc59T0hWPO9hLbmK3WNH0fpaJyhqMr97ZRR3VauoL6SR9JuoA==",
      "license": "MIT",
      "dependencies": {
        "@noble/hashes": "2.4.0",
        "spdx-expression-parse": "5.0.0",
        "zod": "4.6.5"
      }
    },
    "node_modules/@tangle-network/agent-trace-contract": {
      "version": "2.0.0",
      "resolved": "https://registry.npmjs.org/@tangle-network/agent-trace-contract/-/agent-trace-contract-2.0.0.tgz",
      "integrity": "sha512-lq2hp3gg8FsNVA3yZAyuj3NvL57pJTsI6sUF8cYwVsUXA8QZlrO78SqRPRslWxf/sMFHxXhusOuDQ3YxVv12bw==",
      "license": "MIT"
    },
    "node_modules/@tangle-network/sandbox": {
      "version": "0.60.9",
      "resolved": "https://registry.npmjs.org/@tangle-network/sandbox/-/sandbox-0.60.9.tgz",
      "integrity": "sha512-BjKiffCcUE4CR99KLCJ9u7x2vzFjlUpEF5OmTCLcD/IBleZAenE7c3KLWLOZH0cDzjYpjUkQOHq+UbDV+qoEjw==",
      "license": "MIT",
      "dependencies": {
        "@tangle-network/agent-core": "^0.10.2",
        "@tangle-network/agent-interface": "^2.16.0",
        "zod": "4.6.5"
      },
      "peerDependencies": {
        "@mastra/core": "^1.36.0",
        "@modelcontextprotocol/sdk": "^1.30.0",
        "ai": "^6.0.175 || ^7.0.107",
        "openai": "^6.36.0",
        "viem": "^2.0.0"
      },
      "peerDependenciesMeta": {
        "@mastra/core": {
          "optional": true
        },
        "@modelcontextprotocol/sdk": {
          "optional": true
        },
        "ai": {
          "optional": true
        },
        "openai": {
          "optional": true
        },
        "viem": {
          "optional": true
        }
      }
    },
    "node_modules/spdx-exceptions": {
      "version": "2.5.0",
      "resolved": "https://registry.npmjs.org/spdx-exceptions/-/spdx-exceptions-2.5.0.tgz",
      "integrity": "sha512-PiU42r+xO4UbUS1buo3LPJkjlO7430Xn5SVAhdpzzsPHsjbYVflnnFdATgabnLude+Cqu25p6N+g2lw/PFsa4w==",
      "license": "CC-BY-3.0"
    },
    "node_modules/spdx-expression-parse": {
      "version": "5.0.0",
      "resolved": "https://registry.npmjs.org/spdx-expression-parse/-/spdx-expression-parse-5.0.0.tgz",
      "integrity": "sha512-vngmw3Rgn+o2arXNbnZaj5UtOEBuWBfvaI+Wc8GFfykIhA5/vdK9/Sp/XkLv63dykz2rxKDvKEHupF5P0FORcQ==",
      "license": "MIT",
      "dependencies": {
        "spdx-exceptions": "^2.1.0",
        "spdx-license-ids": "^3.0.0"
      }
    },
    "node_modules/spdx-license-ids": {
      "version": "3.0.24",
      "resolved": "https://registry.npmjs.org/spdx-license-ids/-/spdx-license-ids-3.0.24.tgz",
      "integrity": "sha512-cLS9TtWkIQFyLkJ3/5aFQAOHOSKTlOs/7WDut/XPSdjom1fJhUdkepeJAKXa9Y05+FabHd0sti+Et559vDtkpQ==",
      "license": "CC0-1.0"
    },
    "node_modules/zod": {
      "version": "4.6.5",
      "resolved": "https://registry.npmjs.org/zod/-/zod-4.6.5.tgz",
      "integrity": "sha512-v5l/aFXZQeai4awLbOpSoHecE9UiMrnfx75tEXLjNonXVARxQ5mOeipTjROUchszUNCqnE+hqAMujRsRHsut2Q==",
      "license": "MIT",
      "funding": {
        "url": "https://github.com/sponsors/colinhacks"
      }
    },
    "node_modules/@xterm/headless": {
      "version": "6.0.0",
      "resolved": "https://registry.npmjs.org/@xterm/headless/-/headless-6.0.0.tgz",
      "integrity": "sha512-5Yj1QINYCyzrZtf8OFIHi47iQtI+0qYFPHmouEfG8dHNxbZ9Tb9YGSuLcsEwj9Z+OL75GJqPyJbyoFer80a2Hw==",
      "license": "MIT",
      "workspaces": [
        "addons/*"
      ]
    }
  }
}
